
Microsoft Visual Studio Solution File, Format Version 12.00
# Visual Studio Version 17
VisualStudioVersion = 17.5.33516.290
MinimumVisualStudioVersion = 10.0.40219.1
Project("{2150E333-8FDC-42A3-9474-1A3956D46DE8}") = "FrontEnd", "FrontEnd", "{9045440D-D5AD-4F5C-886E-052B78C52178}"
EndProject
Project("{2150E333-8FDC-42A3-9474-1A3956D46DE8}") = "Gateway", "Gateway", "{74871001-7864-4C88-9439-92E71152F293}"
EndProject
Project("{2150E333-8FDC-42A3-9474-1A3956D46DE8}") = "Integration", "Integration", "{02302A2D-4247-4283-8F20-864309F78B9A}"
EndProject
Project("{2150E333-8FDC-42A3-9474-1A3956D46DE8}") = "Services", "Services", "{6103EFA6-A08F-4F71-8062-3B3112CF3018}"
EndProject
Project("{9A19103F-16F7-4668-BE54-9A1E7A4F7556}") = "Mango.Services.CouponAPI", "Mango.Services.CouponAPI\Mango.Services.CouponAPI.csproj", "{6184F1C4-34CD-4F3D-B555-4A2E183E5362}"
EndProject
Project("{9A19103F-16F7-4668-BE54-9A1E7A4F7556}") = "Mango.Web", "Mango.Web\Mango.Web.csproj", "{75CC3B1F-A8F1-46CD-95A4-FC74586A4EBE}"
EndProject
Project("{9A19103F-16F7-4668-BE54-9A1E7A4F7556}") = "Mango.Services.AuthAPI", "Mango.Services.AuthAPI\Mango.Services.AuthAPI.csproj", "{6806F0BB-6F7A-430C-A76E-024F3C121FB8}"
EndProject
Project("{9A19103F-16F7-4668-BE54-9A1E7A4F7556}") = "Mango.Services.ProductAPI", "Mango.Services.ProductAPI\Mango.Services.ProductAPI.csproj", "{3BAB0F88-CF2C-4598-98E6-813924E5EFD3}"
EndProject
Project("{FAE04EC0-301F-11D3-BF4B-00C04F79EFBC}") = "Mango.Services.ShoppingCartAPI", "Mango.Services.ShoppingCartAPI\Mango.Services.ShoppingCartAPI.csproj", "{E74D7716-4121-4C76-A7C5-C4E11D51EFD8}"
EndProject
Global
	GlobalSection(SolutionConfigurationPlatforms) = preSolution
		Debug|Any CPU = Debug|Any CPU
		Release|Any CPU = Release|Any CPU
	EndGlobalSection
	GlobalSection(ProjectConfigurationPlatforms) = postSolution
		{6184F1C4-34CD-4F3D-B555-4A2E183E5362}.Debug|Any CPU.ActiveCfg = Debug|Any CPU
		{6184F1C4-34CD-4F3D-B555-4A2E183E5362}.Debug|Any CPU.Build.0 = Debug|Any CPU
		{6184F1C4-34CD-4F3D-B555-4A2E183E5362}.Release|Any CPU.ActiveCfg = Release|Any CPU
		{6184F1C4-34CD-4F3D-B555-4A2E183E5362}.Release|Any CPU.Build.0 = Release|Any CPU
		{75CC3B1F-A8F1-46CD-95A4-FC74586A4EBE}.Debug|Any CPU.ActiveCfg = Debug|Any CPU
		{75CC3B1F-A8F1-46CD-95A4-FC74586A4EBE}.Debug|Any CPU.Build.0 = Debug|Any CPU
		{75CC3B1F-A8F1-46CD-95A4-FC74586A4EBE}.Release|Any CPU.ActiveCfg = Release|Any CPU
		{75CC3B1F-A8F1-46CD-95A4-FC74586A4EBE}.Release|Any CPU.Build.0 = Release|Any CPU
		{6806F0BB-6F7A-430C-A76E-024F3C121FB8}.Debug|Any CPU.ActiveCfg = Debug|Any CPU
		{6806F0BB-6F7A-430C-A76E-024F3C121FB8}.Debug|Any CPU.Build.0 = Debug|Any CPU
		{6806F0BB-6F7A-430C-A76E-024F3C121FB8}.Release|Any CPU.ActiveCfg = Release|Any CPU
		{6806F0BB-6F7A-430C-A76E-024F3C121FB8}.Release|Any CPU.Build.0 = Release|Any CPU
		{3BAB0F88-CF2C-4598-98E6-813924E5EFD3}.Debug|Any CPU.ActiveCfg = Debug|Any CPU
		{3BAB0F88-CF2C-4598-98E6-813924E5EFD3}.Debug|Any CPU.Build.0 = Debug|Any CPU
		{3BAB0F88-CF2C-4598-98E6-813924E5EFD3}.Release|Any CPU.ActiveCfg = Release|Any CPU
		{3BAB0F88-CF2C-4598-98E6-813924E5EFD3}.Release|Any CPU.Build.0 = Release|Any CPU
		{E74D7716-4121-4C76-A7C5-C4E11D51EFD8}.Debug|Any CPU.ActiveCfg = Debug|Any CPU
		{E74D7716-4121-4C76-A7C5-C4E11D51EFD8}.Debug|Any CPU.Build.0 = Debug|Any CPU
		{E74D7716-4121-4C76-A7C5-C4E11D51EFD8}.Release|Any CPU.ActiveCfg = Release|Any CPU
		{E74D7716-4121-4C76-A7C5-C4E11D51EFD8}.Release|Any CPU.Build.0 = Release|Any CPU
	EndGlobalSection
	GlobalSection(SolutionProperties) = preSolution
		HideSolutionNode = FALSE
	EndGlobalSection
	GlobalSection(NestedProjects) = preSolution
		{6184F1C4-34CD-4F3D-B555-4A2E183E5362} = {6103EFA6-A08F-4F71-8062-3B3112CF3018}
		{75CC3B1F-A8F1-46CD-95A4-FC74586A4EBE} = {9045440D-D5AD-4F5C-886E-052B78C52178}
		{6806F0BB-6F7A-430C-A76E-024F3C121FB8} = {6103EFA6-A08F-4F71-8062-3B3112CF3018}
		{3BAB0F88-CF2C-4598-98E6-813924E5EFD3} = {6103EFA6-A08F-4F71-8062-3B3112CF3018}
		{E74D7716-4121-4C76-A7C5-C4E11D51EFD8} = {6103EFA6-A08F-4F71-8062-3B3112CF3018}
	EndGlobalSection
	GlobalSection(ExtensibilityGlobals) = postSolution
		SolutionGuid = {8A229868-1930-4839-AF05-495012B8F587}
	EndGlobalSection
EndGlobal
